{
  "name": "react-native-navigation-drawer-extension",
  "version": "1.0.5",
  "lockfileVersion": 1,
  "requires": true,
  "dependencies": {
    "jetemit": {
      "version": "3.1.1",
      "resolved": "https://registry.npmjs.org/jetemit/-/jetemit-3.1.1.tgz",
      "integrity": "sha512-YynlqoBPFZeu1JtraFRUVMaFrBYuRnlNb2sC1s8pvbkfo8jvKIE572KxARnMXmm/GhRv6WKalgHie9gIUkXSrw=="
    },
    "jetstate": {
      "version": "1.3.0",
      "resolved": "https://registry.npmjs.org/jetstate/-/jetstate-1.3.0.tgz",
      "integrity": "sha512-/1xMIJxoAlewC+TflnBlpu7cAuk//KcYtBpYkqmtnEiHjyhZu+WP3lpY6eS69knjpFlOwVZnPORE2hLjX1uzKQ=="
    },
    "react-beep": {
      "version": "1.0.3",
      "resolved": "https://registry.npmjs.org/react-beep/-/react-beep-1.0.3.tgz",
      "integrity": "sha512-INjg9pE2Ry7DvMZspX2BwoTAna6HfwG8DIFPsb3QeAf7S3SxQ+8pUIZnvGmoggbTKApxlxgHDTvpsksy+sQaJQ==",
      "requires": {
        "jetemit": "^3.1.1",
        "jetstate": "^1.3.0"
      }
    }
  }
}
